
Microsoft Visual Studio Solution File, Format Version 12.00
# Visual Studio Version 17
VisualStudioVersion = 17.1.32421.90
MinimumVisualStudioVersion = 10.0.40219.1
Project("{9A19103F-16F7-4668-BE54-9A1E7A4F7556}") = "PasswordManager", "PasswordManager\PasswordManager.csproj", "{0A18A596-DFB1-4959-8204-3FBB81BEE945}"
EndProject
Project("{9A19103F-16F7-4668-BE54-9A1E7A4F7556}") = "PasswordManager.Language", "PasswordManager.Language\PasswordManager.Language.csproj", "{44C8C637-E0B7-4B67-AB88-C038CB8FFBA1}"
EndProject
Project("{2150E333-8FDC-42A3-9474-1A3956D46DE8}") = "Application", "Application", "{7EEA1E8C-D182-4422-B658-03085A7BDEBA}"
EndProject
Project("{9A19103F-16F7-4668-BE54-9A1E7A4F7556}") = "PasswordManager.Api", "PasswordManager.Api\PasswordManager.Api.csproj", "{76C86554-DC99-434B-AE3C-B8222EEDD093}"
EndProject
Project("{9A19103F-16F7-4668-BE54-9A1E7A4F7556}") = "PasswordManager.Application", "PasswordManager.Application\PasswordManager.Application.csproj", "{06ABA432-C3EB-49EF-A40B-8D416B6E7A0F}"
EndProject
Project("{9A19103F-16F7-4668-BE54-9A1E7A4F7556}") = "PasswordManager.Domain", "PasswordManager.Domain\PasswordManager.Domain.csproj", "{0F4A478E-7BC0-4360-8AB2-4A25F324DC85}"
EndProject
Project("{9A19103F-16F7-4668-BE54-9A1E7A4F7556}") = "PasswordManager.Infrastructure", "PasswordManager.Infrastructure\PasswordManager.Infrastructure.csproj", "{891B9312-46F3-43AE-A506-399E849823C5}"
EndProject
Project("{54435603-DBB4-11D2-8724-00A0C9A8B90C}") = "Passman Installer", "Passman Installer\Passman Installer.vdproj", "{C2C12640-BAB1-4C71-B302-A7C1A4B350B7}"
EndProject
Project("{E53339B2-1760-4266-BCC7-CA923CBCF16C}") = "docker-compose", "docker-compose.dcproj", "{53770862-4E9E-42CC-BD27-5480D6B6FE6A}"
EndProject
Global
	GlobalSection(SolutionConfigurationPlatforms) = preSolution
		Debug|Any CPU = Debug|Any CPU
		Release|Any CPU = Release|Any CPU
	EndGlobalSection
	GlobalSection(ProjectConfigurationPlatforms) = postSolution
		{0A18A596-DFB1-4959-8204-3FBB81BEE945}.Debug|Any CPU.ActiveCfg = Debug|Any CPU
		{0A18A596-DFB1-4959-8204-3FBB81BEE945}.Debug|Any CPU.Build.0 = Debug|Any CPU
		{0A18A596-DFB1-4959-8204-3FBB81BEE945}.Release|Any CPU.ActiveCfg = Release|Any CPU
		{0A18A596-DFB1-4959-8204-3FBB81BEE945}.Release|Any CPU.Build.0 = Release|Any CPU
		{44C8C637-E0B7-4B67-AB88-C038CB8FFBA1}.Debug|Any CPU.ActiveCfg = Debug|Any CPU
		{44C8C637-E0B7-4B67-AB88-C038CB8FFBA1}.Debug|Any CPU.Build.0 = Debug|Any CPU
		{44C8C637-E0B7-4B67-AB88-C038CB8FFBA1}.Release|Any CPU.ActiveCfg = Release|Any CPU
		{44C8C637-E0B7-4B67-AB88-C038CB8FFBA1}.Release|Any CPU.Build.0 = Release|Any CPU
		{76C86554-DC99-434B-AE3C-B8222EEDD093}.Debug|Any CPU.ActiveCfg = Debug|Any CPU
		{76C86554-DC99-434B-AE3C-B8222EEDD093}.Debug|Any CPU.Build.0 = Debug|Any CPU
		{76C86554-DC99-434B-AE3C-B8222EEDD093}.Release|Any CPU.ActiveCfg = Release|Any CPU
		{76C86554-DC99-434B-AE3C-B8222EEDD093}.Release|Any CPU.Build.0 = Release|Any CPU
		{06ABA432-C3EB-49EF-A40B-8D416B6E7A0F}.Debug|Any CPU.ActiveCfg = Debug|Any CPU
		{06ABA432-C3EB-49EF-A40B-8D416B6E7A0F}.Debug|Any CPU.Build.0 = Debug|Any CPU
		{06ABA432-C3EB-49EF-A40B-8D416B6E7A0F}.Release|Any CPU.ActiveCfg = Release|Any CPU
		{06ABA432-C3EB-49EF-A40B-8D416B6E7A0F}.Release|Any CPU.Build.0 = Release|Any CPU
		{0F4A478E-7BC0-4360-8AB2-4A25F324DC85}.Debug|Any CPU.ActiveCfg = Debug|Any CPU
		{0F4A478E-7BC0-4360-8AB2-4A25F324DC85}.Debug|Any CPU.Build.0 = Debug|Any CPU
		{0F4A478E-7BC0-4360-8AB2-4A25F324DC85}.Release|Any CPU.ActiveCfg = Release|Any CPU
		{0F4A478E-7BC0-4360-8AB2-4A25F324DC85}.Release|Any CPU.Build.0 = Release|Any CPU
		{891B9312-46F3-43AE-A506-399E849823C5}.Debug|Any CPU.ActiveCfg = Debug|Any CPU
		{891B9312-46F3-43AE-A506-399E849823C5}.Debug|Any CPU.Build.0 = Debug|Any CPU
		{891B9312-46F3-43AE-A506-399E849823C5}.Release|Any CPU.ActiveCfg = Release|Any CPU
		{891B9312-46F3-43AE-A506-399E849823C5}.Release|Any CPU.Build.0 = Release|Any CPU
		{C2C12640-BAB1-4C71-B302-A7C1A4B350B7}.Debug|Any CPU.ActiveCfg = Debug
		{C2C12640-BAB1-4C71-B302-A7C1A4B350B7}.Release|Any CPU.ActiveCfg = Release
		{53770862-4E9E-42CC-BD27-5480D6B6FE6A}.Debug|Any CPU.ActiveCfg = Debug|Any CPU
		{53770862-4E9E-42CC-BD27-5480D6B6FE6A}.Debug|Any CPU.Build.0 = Debug|Any CPU
		{53770862-4E9E-42CC-BD27-5480D6B6FE6A}.Release|Any CPU.ActiveCfg = Release|Any CPU
		{53770862-4E9E-42CC-BD27-5480D6B6FE6A}.Release|Any CPU.Build.0 = Release|Any CPU
	EndGlobalSection
	GlobalSection(SolutionProperties) = preSolution
		HideSolutionNode = FALSE
	EndGlobalSection
	GlobalSection(NestedProjects) = preSolution
		{76C86554-DC99-434B-AE3C-B8222EEDD093} = {7EEA1E8C-D182-4422-B658-03085A7BDEBA}
		{06ABA432-C3EB-49EF-A40B-8D416B6E7A0F} = {7EEA1E8C-D182-4422-B658-03085A7BDEBA}
		{0F4A478E-7BC0-4360-8AB2-4A25F324DC85} = {7EEA1E8C-D182-4422-B658-03085A7BDEBA}
		{891B9312-46F3-43AE-A506-399E849823C5} = {7EEA1E8C-D182-4422-B658-03085A7BDEBA}
	EndGlobalSection
	GlobalSection(ExtensibilityGlobals) = postSolution
		SolutionGuid = {B9A2845D-0592-4B39-A142-59AE0811594F}
	EndGlobalSection
EndGlobal
